
Microsoft Visual Studio Solution File, Format Version 12.00
# Visual Studio Version 17
VisualStudioVersion = 17.7.34024.191
MinimumVisualStudioVersion = 10.0.40219.1
Project("{FAE04EC0-301F-11D3-BF4B-00C04F79EFBC}") = "Myfirstapp", "Myfirstapp\Myfirstapp.csproj", "{CE4B0A61-374C-43E1-9A98-16D1E574EDE3}"
EndProject
Global
	GlobalSection(SolutionConfigurationPlatforms) = preSolution
		Debug|Any CPU = Debug|Any CPU
		Release|Any CPU = Release|Any CPU
	EndGlobalSection
	GlobalSection(ProjectConfigurationPlatforms) = postSolution
		{CE4B0A61-374C-43E1-9A98-16D1E574EDE3}.Debug|Any CPU.ActiveCfg = Debug|Any CPU
		{CE4B0A61-374C-43E1-9A98-16D1E574EDE3}.Debug|Any CPU.Build.0 = Debug|Any CPU
		{CE4B0A61-374C-43E1-9A98-16D1E574EDE3}.Release|Any CPU.ActiveCfg = Release|Any CPU
		{CE4B0A61-374C-43E1-9A98-16D1E574EDE3}.Release|Any CPU.Build.0 = Release|Any CPU
	EndGlobalSection
	GlobalSection(SolutionProperties) = preSolution
		HideSolutionNode = FALSE
	EndGlobalSection
	GlobalSection(ExtensibilityGlobals) = postSolution
		SolutionGuid = {D7908C26-1FE6-4850-A8D3-1F97CFAA7D8C}
	EndGlobalSection
EndGlobal
